
Microsoft Visual Studio Solution File, Format Version 12.00
Project("{2150E333-8FDC-42A3-9474-1A3956D46DE8}") = "src", "src", "{73C15AA6-8467-479E-852C-5884E5ADB397}"
EndProject
Project("{FAE04EC0-301F-11D3-BF4B-00C04F79EFBC}") = "InfinityFlow.Tools.Branding", "src\Branding\InfinityFlow.Tools.Branding.csproj", "{79F92A34-B82B-4367-B562-3A00C38556D8}"
EndProject
Global
	GlobalSection(SolutionConfigurationPlatforms) = preSolution
		Debug|Any CPU = Debug|Any CPU
		Release|Any CPU = Release|Any CPU
	EndGlobalSection
	GlobalSection(NestedProjects) = preSolution
		{79F92A34-B82B-4367-B562-3A00C38556D8} = {73C15AA6-8467-479E-852C-5884E5ADB397}
	EndGlobalSection
	GlobalSection(ProjectConfigurationPlatforms) = postSolution
		{79F92A34-B82B-4367-B562-3A00C38556D8}.Debug|Any CPU.ActiveCfg = Debug|Any CPU
		{79F92A34-B82B-4367-B562-3A00C38556D8}.Debug|Any CPU.Build.0 = Debug|Any CPU
		{79F92A34-B82B-4367-B562-3A00C38556D8}.Release|Any CPU.ActiveCfg = Release|Any CPU
		{79F92A34-B82B-4367-B562-3A00C38556D8}.Release|Any CPU.Build.0 = Release|Any CPU
	EndGlobalSection
EndGlobal
